{
  "pins" : [
    {
      "identity" : "dynamiccolor",
      "kind" : "remoteSourceControl",
      "location" : "https://github.com/yannickl/DynamicColor",
      "state" : {
        "revision" : "d9beca13ca85baa50ee29832d0db5129fba69630",
        "version" : "5.0.1"
      }
    },
    {
      "identity" : "enumkit",
      "kind" : "remoteSourceControl",
      "location" : "https://github.com/gringoireDM/EnumKit",
      "state" : {
        "revision" : "ae639dfac5c7116abb64c5f62124915f627140e4",
        "version" : "1.1.3"
      }
    },
    {
      "identity" : "ergo",
      "kind" : "remoteSourceControl",
      "location" : "https://github.com/Fleuronic/Ergo",
      "state" : {
        "branch" : "main",
        "revision" : "15a6c8225f5cc106bc78ed7c25ba2361e8cafb3e"
      }
    },
    {
      "identity" : "ergodeclarativeuikit",
      "kind" : "remoteSourceControl",
      "location" : "https://github.com/Fleuronic/ErgoDeclarativeUIKit",
      "state" : {
        "branch" : "main",
        "revision" : "84dd1ced2a5c0323b06e8453c752475e75e10752"
      }
    },
    {
      "identity" : "ergoswiftui",
      "kind" : "remoteSourceControl",
      "location" : "https://github.com/Fleuronic/ErgoSwiftUI",
      "state" : {
        "branch" : "main",
        "revision" : "5fcd1866df86e823374fb2005c29cee37826a3c4"
      }
    },
    {
      "identity" : "ergouikit",
      "kind" : "remoteSourceControl",
      "location" : "https://github.com/Fleuronic/ErgoUIKit",
      "state" : {
        "branch" : "main",
        "revision" : "4884c01557889aa0a4146b86024119752725cea5"
      }
    },
    {
      "identity" : "errorassertions",
      "kind" : "remoteSourceControl",
      "location" : "https://github.com/SlaunchaMan/ErrorAssertions.git",
      "state" : {
        "revision" : "fe2b592844372f361f2a33bbbce6a48481b6c79e",
        "version" : "0.4.0"
      }
    },
    {
      "identity" : "geometric",
      "kind" : "remoteSourceControl",
      "location" : "https://github.com/Fleuronic/Geometric",
      "state" : {
        "branch" : "main",
        "revision" : "d8a2cd9cfa9a1bf1e307959f16c9f298c359d042"
      }
    },
    {
      "identity" : "inject",
      "kind" : "remoteSourceControl",
      "location" : "https://github.com/Fleuronic/Inject",
      "state" : {
        "branch" : "main",
        "revision" : "630dcabd46c09fb14b9f6a0ab3257523c499f395"
      }
    },
    {
      "identity" : "layoutless",
      "kind" : "remoteSourceControl",
      "location" : "https://github.com/DeclarativeHub/Layoutless",
      "state" : {
        "revision" : "50ae5ab4cb9bf676c1901f4ba0f267f27e68d0a7",
        "version" : "0.4.3"
      }
    },
    {
      "identity" : "metric",
      "kind" : "remoteSourceControl",
      "location" : "https://github.com/Fleuronic/Metric",
      "state" : {
        "branch" : "main",
        "revision" : "a6359475ca5d3bdea880780593d1c74f5c4833e7"
      }
    },
    {
      "identity" : "reactivecocoa",
      "kind" : "remoteSourceControl",
      "location" : "https://github.com/ReactiveCocoa/ReactiveCocoa",
      "state" : {
        "revision" : "8a5b07b18c6abb8e12fb845bf742675dc4914ed8",
        "version" : "12.0.0"
      }
    },
    {
      "identity" : "reactivedatasources",
      "kind" : "remoteSourceControl",
      "location" : "https://github.com/Fleuronic/ReactiveDataSources",
      "state" : {
        "branch" : "master",
        "revision" : "4a475d088786ef2a53feab4f9a8351a6614ec592"
      }
    },
    {
      "identity" : "reactiveswift",
      "kind" : "remoteSourceControl",
      "location" : "https://github.com/ReactiveCocoa/ReactiveSwift.git",
      "state" : {
        "revision" : "40c465af19b993344e84355c00669ba2022ca3cd",
        "version" : "7.1.1"
      }
    },
    {
      "identity" : "swift-snapshot-testing",
      "kind" : "remoteSourceControl",
      "location" : "https://github.com/pointfreeco/swift-snapshot-testing",
      "state" : {
        "revision" : "625ccca8570773dd84a34ee51a81aa2bc5a4f97a",
        "version" : "1.16.0"
      }
    },
    {
      "identity" : "swift-syntax",
      "kind" : "remoteSourceControl",
      "location" : "https://github.com/apple/swift-syntax",
      "state" : {
        "revision" : "303e5c5c36d6a558407d364878df131c3546fad8",
        "version" : "510.0.2"
      }
    },
    {
      "identity" : "telemetric",
      "kind" : "remoteSourceControl",
      "location" : "https://github.com/Fleuronic/Telemetric",
      "state" : {
        "branch" : "main",
        "revision" : "f4a906ddf49f428be5c309bcdda57262bc1265f3"
      }
    },
    {
      "identity" : "viewinspector",
      "kind" : "remoteSourceControl",
      "location" : "https://github.com/nalexn/ViewInspector",
      "state" : {
        "branch" : "0.9.7",
        "revision" : "f8a994374b9eff1d92046f3d759654f527495045"
      }
    },
    {
      "identity" : "workflow-swift",
      "kind" : "remoteSourceControl",
      "location" : "https://github.com/Fleuronic/workflow-swift",
      "state" : {
        "branch" : "main",
        "revision" : "da31a665f691f0983c79e751452da67d3986d0bd"
      }
    }
  ],
  "version" : 2
}
